
Microsoft Visual Studio Solution File, Format Version 12.00
# Visual Studio Version 16
VisualStudioVersion = 16.0.30907.101
MinimumVisualStudioVersion = 10.0.40219.1
Project("{FAE04EC0-301F-11D3-BF4B-00C04F79EFBC}") = "NuoiFB", "NuoiFB\NuoiFB.csproj", "{555912F3-EB8D-4E11-AF15-B5902E583AA2}"
EndProject
Global
	GlobalSection(SolutionConfigurationPlatforms) = preSolution
		Debug|Any CPU = Debug|Any CPU
		Release|Any CPU = Release|Any CPU
	EndGlobalSection
	GlobalSection(ProjectConfigurationPlatforms) = postSolution
		{555912F3-EB8D-4E11-AF15-B5902E583AA2}.Debug|Any CPU.ActiveCfg = Debug|Any CPU
		{555912F3-EB8D-4E11-AF15-B5902E583AA2}.Debug|Any CPU.Build.0 = Debug|Any CPU
		{555912F3-EB8D-4E11-AF15-B5902E583AA2}.Release|Any CPU.ActiveCfg = Release|Any CPU
		{555912F3-EB8D-4E11-AF15-B5902E583AA2}.Release|Any CPU.Build.0 = Release|Any CPU
	EndGlobalSection
	GlobalSection(SolutionProperties) = preSolution
		HideSolutionNode = FALSE
	EndGlobalSection
	GlobalSection(ExtensibilityGlobals) = postSolution
		SolutionGuid = {58C50B1F-5148-45DA-943C-2366AD6A46DE}
	EndGlobalSection
EndGlobal
