
Microsoft Visual Studio Solution File, Format Version 12.00
# Visual Studio Version 16
VisualStudioVersion = 16.0.30907.101
MinimumVisualStudioVersion = 10.0.40219.1
Project("{FAE04EC0-301F-11D3-BF4B-00C04F79EFBC}") = "QLSV", "QLSV\QLSV.csproj", "{595D5DFF-4D48-4DEF-9FF0-0DEF803FBC7C}"
EndProject
Global
	GlobalSection(SolutionConfigurationPlatforms) = preSolution
		Debug|Any CPU = Debug|Any CPU
		Release|Any CPU = Release|Any CPU
	EndGlobalSection
	GlobalSection(ProjectConfigurationPlatforms) = postSolution
		{595D5DFF-4D48-4DEF-9FF0-0DEF803FBC7C}.Debug|Any CPU.ActiveCfg = Debug|Any CPU
		{595D5DFF-4D48-4DEF-9FF0-0DEF803FBC7C}.Debug|Any CPU.Build.0 = Debug|Any CPU
		{595D5DFF-4D48-4DEF-9FF0-0DEF803FBC7C}.Release|Any CPU.ActiveCfg = Release|Any CPU
		{595D5DFF-4D48-4DEF-9FF0-0DEF803FBC7C}.Release|Any CPU.Build.0 = Release|Any CPU
	EndGlobalSection
	GlobalSection(SolutionProperties) = preSolution
		HideSolutionNode = FALSE
	EndGlobalSection
	GlobalSection(ExtensibilityGlobals) = postSolution
		SolutionGuid = {EF06FF83-6B2C-4693-B078-5F9335555359}
	EndGlobalSection
EndGlobal
