
Microsoft Visual Studio Solution File, Format Version 12.00
# Visual Studio Version 16
VisualStudioVersion = 16.0.30907.101
MinimumVisualStudioVersion = 10.0.40219.1
Project("{FAE04EC0-301F-11D3-BF4B-00C04F79EFBC}") = "thuchanhbuoi2", "thuchanhbuoi2\thuchanhbuoi2.csproj", "{B479DE17-1D1F-4992-8FF9-1F1DDB5120A4}"
EndProject
Global
	GlobalSection(SolutionConfigurationPlatforms) = preSolution
		Debug|Any CPU = Debug|Any CPU
		Release|Any CPU = Release|Any CPU
	EndGlobalSection
	GlobalSection(ProjectConfigurationPlatforms) = postSolution
		{B479DE17-1D1F-4992-8FF9-1F1DDB5120A4}.Debug|Any CPU.ActiveCfg = Debug|Any CPU
		{B479DE17-1D1F-4992-8FF9-1F1DDB5120A4}.Debug|Any CPU.Build.0 = Debug|Any CPU
		{B479DE17-1D1F-4992-8FF9-1F1DDB5120A4}.Release|Any CPU.ActiveCfg = Release|Any CPU
		{B479DE17-1D1F-4992-8FF9-1F1DDB5120A4}.Release|Any CPU.Build.0 = Release|Any CPU
	EndGlobalSection
	GlobalSection(SolutionProperties) = preSolution
		HideSolutionNode = FALSE
	EndGlobalSection
	GlobalSection(ExtensibilityGlobals) = postSolution
		SolutionGuid = {B8C03C77-0929-4FEE-A05E-FE6E72D7DD62}
	EndGlobalSection
EndGlobal
