
Microsoft Visual Studio Solution File, Format Version 12.00
# Visual Studio Version 16
VisualStudioVersion = 16.0.30907.101
MinimumVisualStudioVersion = 10.0.40219.1
Project("{FAE04EC0-301F-11D3-BF4B-00C04F79EFBC}") = "Baith3", "Baith3\Baith3.csproj", "{CF77999D-521C-472E-B997-9D9C39298094}"
EndProject
Global
	GlobalSection(SolutionConfigurationPlatforms) = preSolution
		Debug|Any CPU = Debug|Any CPU
		Release|Any CPU = Release|Any CPU
	EndGlobalSection
	GlobalSection(ProjectConfigurationPlatforms) = postSolution
		{CF77999D-521C-472E-B997-9D9C39298094}.Debug|Any CPU.ActiveCfg = Debug|Any CPU
		{CF77999D-521C-472E-B997-9D9C39298094}.Debug|Any CPU.Build.0 = Debug|Any CPU
		{CF77999D-521C-472E-B997-9D9C39298094}.Release|Any CPU.ActiveCfg = Release|Any CPU
		{CF77999D-521C-472E-B997-9D9C39298094}.Release|Any CPU.Build.0 = Release|Any CPU
	EndGlobalSection
	GlobalSection(SolutionProperties) = preSolution
		HideSolutionNode = FALSE
	EndGlobalSection
	GlobalSection(ExtensibilityGlobals) = postSolution
		SolutionGuid = {AC1932A7-D600-483D-AE27-59A431787D8E}
	EndGlobalSection
EndGlobal
