
Microsoft Visual Studio Solution File, Format Version 12.00
# Visual Studio Version 16
VisualStudioVersion = 16.0.30907.101
MinimumVisualStudioVersion = 10.0.40219.1
Project("{FAE04EC0-301F-11D3-BF4B-00C04F79EFBC}") = "Bai1_winform1", "Bai1_winform1\Bai1_winform1.csproj", "{D959D744-F791-4536-BDE6-4EC18F57FD7E}"
EndProject
Global
	GlobalSection(SolutionConfigurationPlatforms) = preSolution
		Debug|Any CPU = Debug|Any CPU
		Release|Any CPU = Release|Any CPU
	EndGlobalSection
	GlobalSection(ProjectConfigurationPlatforms) = postSolution
		{D959D744-F791-4536-BDE6-4EC18F57FD7E}.Debug|Any CPU.ActiveCfg = Debug|Any CPU
		{D959D744-F791-4536-BDE6-4EC18F57FD7E}.Debug|Any CPU.Build.0 = Debug|Any CPU
		{D959D744-F791-4536-BDE6-4EC18F57FD7E}.Release|Any CPU.ActiveCfg = Release|Any CPU
		{D959D744-F791-4536-BDE6-4EC18F57FD7E}.Release|Any CPU.Build.0 = Release|Any CPU
	EndGlobalSection
	GlobalSection(SolutionProperties) = preSolution
		HideSolutionNode = FALSE
	EndGlobalSection
	GlobalSection(ExtensibilityGlobals) = postSolution
		SolutionGuid = {83A4ECA2-9B4F-4D3C-9CB3-40B16F87B7B9}
	EndGlobalSection
EndGlobal
